
Microsoft Visual Studio Solution File, Format Version 12.00
# Visual Studio Version 16
VisualStudioVersion = 16.0.30002.166
MinimumVisualStudioVersion = 10.0.40219.1
Project("{FAE04EC0-301F-11D3-BF4B-00C04F79EFBC}") = "laba7", "laba7.csproj", "{BEE2599E-2E4C-4DF6-851B-22042A6E004C}"
EndProject
Global
	GlobalSection(SolutionConfigurationPlatforms) = preSolution
		Debug|Any CPU = Debug|Any CPU
		Release|Any CPU = Release|Any CPU
	EndGlobalSection
	GlobalSection(ProjectConfigurationPlatforms) = postSolution
		{BEE2599E-2E4C-4DF6-851B-22042A6E004C}.Debug|Any CPU.ActiveCfg = Debug|Any CPU
		{BEE2599E-2E4C-4DF6-851B-22042A6E004C}.Debug|Any CPU.Build.0 = Debug|Any CPU
		{BEE2599E-2E4C-4DF6-851B-22042A6E004C}.Release|Any CPU.ActiveCfg = Release|Any CPU
		{BEE2599E-2E4C-4DF6-851B-22042A6E004C}.Release|Any CPU.Build.0 = Release|Any CPU
	EndGlobalSection
	GlobalSection(SolutionProperties) = preSolution
		HideSolutionNode = FALSE
	EndGlobalSection
	GlobalSection(ExtensibilityGlobals) = postSolution
		SolutionGuid = {0BD20AB3-1BAA-475B-8891-74C2EEF93924}
	EndGlobalSection
EndGlobal
